
Microsoft Visual Studio Solution File, Format Version 12.00
# Visual Studio Version 17
VisualStudioVersion = 17.14.36518.9 d17.14
MinimumVisualStudioVersion = 10.0.40219.1
Project("{FAE04EC0-301F-11D3-BF4B-00C04F79EFBC}") = "ActividadEvaluable", "ActividadEvaluable\ActividadEvaluable.csproj", "{38DC302B-D040-4006-A15C-C87B45FD325E}"
EndProject
Global
	GlobalSection(SolutionConfigurationPlatforms) = preSolution
		Debug|Any CPU = Debug|Any CPU
		Release|Any CPU = Release|Any CPU
	EndGlobalSection
	GlobalSection(ProjectConfigurationPlatforms) = postSolution
		{38DC302B-D040-4006-A15C-C87B45FD325E}.Debug|Any CPU.ActiveCfg = Debug|Any CPU
		{38DC302B-D040-4006-A15C-C87B45FD325E}.Debug|Any CPU.Build.0 = Debug|Any CPU
		{38DC302B-D040-4006-A15C-C87B45FD325E}.Release|Any CPU.ActiveCfg = Release|Any CPU
		{38DC302B-D040-4006-A15C-C87B45FD325E}.Release|Any CPU.Build.0 = Release|Any CPU
	EndGlobalSection
	GlobalSection(SolutionProperties) = preSolution
		HideSolutionNode = FALSE
	EndGlobalSection
	GlobalSection(ExtensibilityGlobals) = postSolution
		SolutionGuid = {58630D49-EC7A-47A0-8E41-41E7F116EFC0}
	EndGlobalSection
EndGlobal
