
Microsoft Visual Studio Solution File, Format Version 12.00
# Visual Studio Version 17
VisualStudioVersion = 17.14.36518.9 d17.14
MinimumVisualStudioVersion = 10.0.40219.1
Project("{FAE04EC0-301F-11D3-BF4B-00C04F79EFBC}") = "DI-A1.10-PracticarExamen", "DI-A1.10-PracticarExamen\DI-A1.10-PracticarExamen.csproj", "{0BEC698A-B9BE-4494-927E-279832C93859}"
EndProject
Global
	GlobalSection(SolutionConfigurationPlatforms) = preSolution
		Debug|Any CPU = Debug|Any CPU
		Release|Any CPU = Release|Any CPU
	EndGlobalSection
	GlobalSection(ProjectConfigurationPlatforms) = postSolution
		{0BEC698A-B9BE-4494-927E-279832C93859}.Debug|Any CPU.ActiveCfg = Debug|Any CPU
		{0BEC698A-B9BE-4494-927E-279832C93859}.Debug|Any CPU.Build.0 = Debug|Any CPU
		{0BEC698A-B9BE-4494-927E-279832C93859}.Release|Any CPU.ActiveCfg = Release|Any CPU
		{0BEC698A-B9BE-4494-927E-279832C93859}.Release|Any CPU.Build.0 = Release|Any CPU
	EndGlobalSection
	GlobalSection(SolutionProperties) = preSolution
		HideSolutionNode = FALSE
	EndGlobalSection
	GlobalSection(ExtensibilityGlobals) = postSolution
		SolutionGuid = {960119C7-BFE9-4451-ACB7-180849FF1B3D}
	EndGlobalSection
EndGlobal
