
Microsoft Visual Studio Solution File, Format Version 12.00
# Visual Studio Version 17
VisualStudioVersion = 17.14.36518.9 d17.14
MinimumVisualStudioVersion = 10.0.40219.1
Project("{FAE04EC0-301F-11D3-BF4B-00C04F79EFBC}") = "WindowsFormsApp1", "WindowsFormsApp1\WindowsFormsApp1.csproj", "{A737AFA6-9202-47E8-9E0B-071143C624A4}"
EndProject
Global
	GlobalSection(SolutionConfigurationPlatforms) = preSolution
		Debug|Any CPU = Debug|Any CPU
		Release|Any CPU = Release|Any CPU
	EndGlobalSection
	GlobalSection(ProjectConfigurationPlatforms) = postSolution
		{A737AFA6-9202-47E8-9E0B-071143C624A4}.Debug|Any CPU.ActiveCfg = Debug|Any CPU
		{A737AFA6-9202-47E8-9E0B-071143C624A4}.Debug|Any CPU.Build.0 = Debug|Any CPU
		{A737AFA6-9202-47E8-9E0B-071143C624A4}.Release|Any CPU.ActiveCfg = Release|Any CPU
		{A737AFA6-9202-47E8-9E0B-071143C624A4}.Release|Any CPU.Build.0 = Release|Any CPU
	EndGlobalSection
	GlobalSection(SolutionProperties) = preSolution
		HideSolutionNode = FALSE
	EndGlobalSection
	GlobalSection(ExtensibilityGlobals) = postSolution
		SolutionGuid = {17BD2094-FDAB-45EC-BC21-5FD095E00539}
	EndGlobalSection
EndGlobal
